<Solution>
  <Folder Name="/src/">
    <Project Path="src/Example.Api/Example.Api.csproj" />
    <Project Path="src/Example.Application/Example.Application.csproj" />
    <Project Path="src/Example.Domain/Example.Domain.csproj" />
    <Project Path="src/Example.Infrastructure/Example.Infrastructure.csproj" />
  </Folder>
  <Folder Name="/tests/">
    <Project Path="tests/Example.Api.IntegrationTests/Example.Api.IntegrationTests.csproj" />
    <Project Path="tests/Example.Application.Tests/Example.Application.Tests.csproj" />
    <Project Path="tests/Example.Domain.Tests/Example.Domain.Tests.csproj" />
  </Folder>
</Solution>
